
Microsoft Visual Studio Solution File, Format Version 12.00
# Visual Studio Version 17
VisualStudioVersion = 17.14.36414.22
MinimumVisualStudioVersion = 10.0.40219.1
Project("{FAE04EC0-301F-11D3-BF4B-00C04F79EFBC}") = "Tanacsado", "Tanacsado\Tanacsado.csproj", "{C0945993-D4CE-4E67-8B1B-A322D5785AE6}"
EndProject
Project("{FAE04EC0-301F-11D3-BF4B-00C04F79EFBC}") = "Data", "Data\Data.csproj", "{545B0688-237D-4EF6-971E-7F4B19F367FA}"
EndProject
Project("{FAE04EC0-301F-11D3-BF4B-00C04F79EFBC}") = "TanacsadoGUI", "TanacsadoGUI\TanacsadoGUI.csproj", "{42FC7169-344B-4F0F-AACD-AE0218D12C94}"
EndProject
Global
	GlobalSection(SolutionConfigurationPlatforms) = preSolution
		Debug|Any CPU = Debug|Any CPU
		Release|Any CPU = Release|Any CPU
	EndGlobalSection
	GlobalSection(ProjectConfigurationPlatforms) = postSolution
		{C0945993-D4CE-4E67-8B1B-A322D5785AE6}.Debug|Any CPU.ActiveCfg = Debug|Any CPU
		{C0945993-D4CE-4E67-8B1B-A322D5785AE6}.Debug|Any CPU.Build.0 = Debug|Any CPU
		{C0945993-D4CE-4E67-8B1B-A322D5785AE6}.Release|Any CPU.ActiveCfg = Release|Any CPU
		{C0945993-D4CE-4E67-8B1B-A322D5785AE6}.Release|Any CPU.Build.0 = Release|Any CPU
		{545B0688-237D-4EF6-971E-7F4B19F367FA}.Debug|Any CPU.ActiveCfg = Debug|Any CPU
		{545B0688-237D-4EF6-971E-7F4B19F367FA}.Debug|Any CPU.Build.0 = Debug|Any CPU
		{545B0688-237D-4EF6-971E-7F4B19F367FA}.Release|Any CPU.ActiveCfg = Release|Any CPU
		{545B0688-237D-4EF6-971E-7F4B19F367FA}.Release|Any CPU.Build.0 = Release|Any CPU
		{42FC7169-344B-4F0F-AACD-AE0218D12C94}.Debug|Any CPU.ActiveCfg = Debug|Any CPU
		{42FC7169-344B-4F0F-AACD-AE0218D12C94}.Debug|Any CPU.Build.0 = Debug|Any CPU
		{42FC7169-344B-4F0F-AACD-AE0218D12C94}.Release|Any CPU.ActiveCfg = Release|Any CPU
		{42FC7169-344B-4F0F-AACD-AE0218D12C94}.Release|Any CPU.Build.0 = Release|Any CPU
	EndGlobalSection
	GlobalSection(SolutionProperties) = preSolution
		HideSolutionNode = FALSE
	EndGlobalSection
	GlobalSection(ExtensibilityGlobals) = postSolution
		SolutionGuid = {28BFE3D2-9FFE-46A9-B96F-917D8BE7E7D3}
	EndGlobalSection
EndGlobal
